
Microsoft Visual Studio Solution File, Format Version 12.00
# Visual Studio Version 17
VisualStudioVersion = 17.14.36408.4 d17.14
MinimumVisualStudioVersion = 10.0.40219.1
Project("{FAE04EC0-301F-11D3-BF4B-00C04F79EFBC}") = "ejemplo1", "ejemplo1\ejemplo1.csproj", "{14BEEC7C-CFE3-4F59-8128-B54C45224E59}"
EndProject
Global
	GlobalSection(SolutionConfigurationPlatforms) = preSolution
		Debug|Any CPU = Debug|Any CPU
		Release|Any CPU = Release|Any CPU
	EndGlobalSection
	GlobalSection(ProjectConfigurationPlatforms) = postSolution
		{14BEEC7C-CFE3-4F59-8128-B54C45224E59}.Debug|Any CPU.ActiveCfg = Debug|Any CPU
		{14BEEC7C-CFE3-4F59-8128-B54C45224E59}.Debug|Any CPU.Build.0 = Debug|Any CPU
		{14BEEC7C-CFE3-4F59-8128-B54C45224E59}.Release|Any CPU.ActiveCfg = Release|Any CPU
		{14BEEC7C-CFE3-4F59-8128-B54C45224E59}.Release|Any CPU.Build.0 = Release|Any CPU
	EndGlobalSection
	GlobalSection(SolutionProperties) = preSolution
		HideSolutionNode = FALSE
	EndGlobalSection
	GlobalSection(ExtensibilityGlobals) = postSolution
		SolutionGuid = {727D0343-2AAB-4B05-8946-B2C39004F82C}
	EndGlobalSection
EndGlobal
