
Microsoft Visual Studio Solution File, Format Version 12.00
# Visual Studio Version 17
VisualStudioVersion = 17.14.36408.4 d17.14
MinimumVisualStudioVersion = 10.0.40219.1
Project("{FAE04EC0-301F-11D3-BF4B-00C04F79EFBC}") = "Ejemplo1", "Ejemplo1\Ejemplo1.csproj", "{607DEA3B-8A95-4849-A868-103D750752C7}"
EndProject
Project("{FAE04EC0-301F-11D3-BF4B-00C04F79EFBC}") = "Ejemplo2", "Ejemplo2\Ejemplo2.csproj", "{BA7BD2F8-6701-427A-93AF-771177535EEA}"
EndProject
Project("{FAE04EC0-301F-11D3-BF4B-00C04F79EFBC}") = "Ejemplo3", "Ejemplo3\Ejemplo3.csproj", "{F848D077-D37F-48D8-B5DC-DEED6BB9C89A}"
EndProject
Project("{FAE04EC0-301F-11D3-BF4B-00C04F79EFBC}") = "Ejemplo4", "Ejemplo4\Ejemplo4.csproj", "{9E4E74FA-8995-4633-8B3D-F9E666A8C756}"
EndProject
Project("{FAE04EC0-301F-11D3-BF4B-00C04F79EFBC}") = "Ejemplo5", "Ejemplo5\Ejemplo5.csproj", "{916B70A2-F5A9-4231-A42C-3919017D944F}"
EndProject
Global
	GlobalSection(SolutionConfigurationPlatforms) = preSolution
		Debug|Any CPU = Debug|Any CPU
		Release|Any CPU = Release|Any CPU
	EndGlobalSection
	GlobalSection(ProjectConfigurationPlatforms) = postSolution
		{607DEA3B-8A95-4849-A868-103D750752C7}.Debug|Any CPU.ActiveCfg = Debug|Any CPU
		{607DEA3B-8A95-4849-A868-103D750752C7}.Debug|Any CPU.Build.0 = Debug|Any CPU
		{607DEA3B-8A95-4849-A868-103D750752C7}.Release|Any CPU.ActiveCfg = Release|Any CPU
		{607DEA3B-8A95-4849-A868-103D750752C7}.Release|Any CPU.Build.0 = Release|Any CPU
		{BA7BD2F8-6701-427A-93AF-771177535EEA}.Debug|Any CPU.ActiveCfg = Debug|Any CPU
		{BA7BD2F8-6701-427A-93AF-771177535EEA}.Debug|Any CPU.Build.0 = Debug|Any CPU
		{BA7BD2F8-6701-427A-93AF-771177535EEA}.Release|Any CPU.ActiveCfg = Release|Any CPU
		{BA7BD2F8-6701-427A-93AF-771177535EEA}.Release|Any CPU.Build.0 = Release|Any CPU
		{F848D077-D37F-48D8-B5DC-DEED6BB9C89A}.Debug|Any CPU.ActiveCfg = Debug|Any CPU
		{F848D077-D37F-48D8-B5DC-DEED6BB9C89A}.Debug|Any CPU.Build.0 = Debug|Any CPU
		{F848D077-D37F-48D8-B5DC-DEED6BB9C89A}.Release|Any CPU.ActiveCfg = Release|Any CPU
		{F848D077-D37F-48D8-B5DC-DEED6BB9C89A}.Release|Any CPU.Build.0 = Release|Any CPU
		{9E4E74FA-8995-4633-8B3D-F9E666A8C756}.Debug|Any CPU.ActiveCfg = Debug|Any CPU
		{9E4E74FA-8995-4633-8B3D-F9E666A8C756}.Debug|Any CPU.Build.0 = Debug|Any CPU
		{9E4E74FA-8995-4633-8B3D-F9E666A8C756}.Release|Any CPU.ActiveCfg = Release|Any CPU
		{9E4E74FA-8995-4633-8B3D-F9E666A8C756}.Release|Any CPU.Build.0 = Release|Any CPU
		{916B70A2-F5A9-4231-A42C-3919017D944F}.Debug|Any CPU.ActiveCfg = Debug|Any CPU
		{916B70A2-F5A9-4231-A42C-3919017D944F}.Debug|Any CPU.Build.0 = Debug|Any CPU
		{916B70A2-F5A9-4231-A42C-3919017D944F}.Release|Any CPU.ActiveCfg = Release|Any CPU
		{916B70A2-F5A9-4231-A42C-3919017D944F}.Release|Any CPU.Build.0 = Release|Any CPU
	EndGlobalSection
	GlobalSection(SolutionProperties) = preSolution
		HideSolutionNode = FALSE
	EndGlobalSection
	GlobalSection(ExtensibilityGlobals) = postSolution
		SolutionGuid = {89EE0CE7-7D22-417A-86AA-65AD70F1E46C}
	EndGlobalSection
EndGlobal
